
Microsoft Visual Studio Solution File, Format Version 12.00
# Visual Studio Version 16
VisualStudioVersion = 16.0.32413.511
MinimumVisualStudioVersion = 10.0.40219.1
Project("{FAE04EC0-301F-11D3-BF4B-00C04F79EFBC}") = "netcuoiky", "netcuoiky\netcuoiky.csproj", "{D2991C12-4AE5-4D50-B48B-5818FE45494A}"
EndProject
Global
	GlobalSection(SolutionConfigurationPlatforms) = preSolution
		Debug|Any CPU = Debug|Any CPU
		Release|Any CPU = Release|Any CPU
	EndGlobalSection
	GlobalSection(ProjectConfigurationPlatforms) = postSolution
		{D2991C12-4AE5-4D50-B48B-5818FE45494A}.Debug|Any CPU.ActiveCfg = Debug|Any CPU
		{D2991C12-4AE5-4D50-B48B-5818FE45494A}.Debug|Any CPU.Build.0 = Debug|Any CPU
		{D2991C12-4AE5-4D50-B48B-5818FE45494A}.Release|Any CPU.ActiveCfg = Release|Any CPU
		{D2991C12-4AE5-4D50-B48B-5818FE45494A}.Release|Any CPU.Build.0 = Release|Any CPU
	EndGlobalSection
	GlobalSection(SolutionProperties) = preSolution
		HideSolutionNode = FALSE
	EndGlobalSection
	GlobalSection(ExtensibilityGlobals) = postSolution
		SolutionGuid = {3A7A898E-75AF-4B53-804D-006F5B02B186}
	EndGlobalSection
EndGlobal
